
Microsoft Visual Studio Solution File, Format Version 12.00
# Visual Studio Version 16
VisualStudioVersion = 16.0.31220.234
MinimumVisualStudioVersion = 10.0.40219.1
Project("{FAE04EC0-301F-11D3-BF4B-00C04F79EFBC}") = "BlazorGlasCard", "BlazorGlasCard.csproj", "{E388239D-6BEC-4CB7-9E77-8BBF5DBFAEE6}"
EndProject
Global
	GlobalSection(SolutionConfigurationPlatforms) = preSolution
		Debug|Any CPU = Debug|Any CPU
		Release|Any CPU = Release|Any CPU
	EndGlobalSection
	GlobalSection(ProjectConfigurationPlatforms) = postSolution
		{E388239D-6BEC-4CB7-9E77-8BBF5DBFAEE6}.Debug|Any CPU.ActiveCfg = Debug|Any CPU
		{E388239D-6BEC-4CB7-9E77-8BBF5DBFAEE6}.Debug|Any CPU.Build.0 = Debug|Any CPU
		{E388239D-6BEC-4CB7-9E77-8BBF5DBFAEE6}.Release|Any CPU.ActiveCfg = Release|Any CPU
		{E388239D-6BEC-4CB7-9E77-8BBF5DBFAEE6}.Release|Any CPU.Build.0 = Release|Any CPU
	EndGlobalSection
	GlobalSection(SolutionProperties) = preSolution
		HideSolutionNode = FALSE
	EndGlobalSection
	GlobalSection(ExtensibilityGlobals) = postSolution
		SolutionGuid = {C8F569B7-D5F6-4FD5-AD35-845A2F0DA811}
	EndGlobalSection
EndGlobal
